# This file is autogenerated, do not edit; changes may be undone by the next 'dep ensure'.


[[projects]]
  digest = "1:31e761d97c76151dde79e9d28964a812c46efc5baee4085b86f68f0c654450de"
  name = "github.com/konsorten/go-windows-terminal-sequences"
  packages = ["."]
  pruneopts = "UT"
  revision = "f55edac94c9bbba5d6182a4be46d86a2c9b5b50e"
  version = "v1.0.2"

[[projects]]
  branch = "develop"
  digest = "1:73f30b35b687905c9495f6ceceeeaef4a23c7ae86dfb7f47baa7fff86e9dbc72"
  name = "github.com/mm-uh/go-avl"
  packages = ["src"]
  pruneopts = "UT"
  revision = "5d4a63fbffd2ea5fe46825ab30086f77c5e0c9d1"

[[projects]]
  branch = "master"
  digest = "1:22a3ea069a2a34f6700cc56f9cd69b5e21ca366bb44baa6635dd72167090207f"
  name = "github.com/mm-uh/rpc_udp"
  packages = ["src/util"]
  pruneopts = "UT"
  revision = "ea3c8d27959791dec3d6af7d135b91aabea75ef7"

[[projects]]
  digest = "1:04457f9f6f3ffc5fea48e71d62f2ca256637dee0a04d710288e27e05c8b41976"
  name = "github.com/sirupsen/logrus"
  packages = ["."]
  pruneopts = "UT"
  revision = "839c75faf7f98a33d445d181f3018b5c3409a45e"
  version = "v1.4.2"

[[projects]]
  branch = "master"
  digest = "1:72f7bc975a18badcb4b05585929a12e042ab45cb0bee781aaab8044f39bd41f5"
  name = "golang.org/x/sys"
  packages = ["unix"]
  pruneopts = "UT"
  revision = "6d18c012aee9febd81bbf9806760c8c4480e870d"

[solve-meta]
  analyzer-name = "dep"
  analyzer-version = 1
  input-imports = [
    "github.com/mm-uh/go-avl/src",
    "github.com/mm-uh/rpc_udp/src/util",
    "github.com/sirupsen/logrus",
  ]
  solver-name = "gps-cdcl"
  solver-version = 1
